
Microsoft Visual Studio Solution File, Format Version 12.00
# Visual Studio Version 16
VisualStudioVersion = 16.0.31624.102
MinimumVisualStudioVersion = 10.0.40219.1
Project("{FAE04EC0-301F-11D3-BF4B-00C04F79EFBC}") = "EventDemo", "EventDemo\EventDemo.csproj", "{418263B2-BC2C-4124-AAB6-DF1D0A76E870}"
EndProject
Global
	GlobalSection(SolutionConfigurationPlatforms) = preSolution
		Debug|Any CPU = Debug|Any CPU
		Release|Any CPU = Release|Any CPU
	EndGlobalSection
	GlobalSection(ProjectConfigurationPlatforms) = postSolution
		{418263B2-BC2C-4124-AAB6-DF1D0A76E870}.Debug|Any CPU.ActiveCfg = Debug|Any CPU
		{418263B2-BC2C-4124-AAB6-DF1D0A76E870}.Debug|Any CPU.Build.0 = Debug|Any CPU
		{418263B2-BC2C-4124-AAB6-DF1D0A76E870}.Release|Any CPU.ActiveCfg = Release|Any CPU
		{418263B2-BC2C-4124-AAB6-DF1D0A76E870}.Release|Any CPU.Build.0 = Release|Any CPU
	EndGlobalSection
	GlobalSection(SolutionProperties) = preSolution
		HideSolutionNode = FALSE
	EndGlobalSection
	GlobalSection(ExtensibilityGlobals) = postSolution
		SolutionGuid = {16261C4C-8102-46A1-AE6E-893E417355EB}
	EndGlobalSection
EndGlobal
