
Microsoft Visual Studio Solution File, Format Version 12.00
# Visual Studio Version 16
VisualStudioVersion = 16.0.31624.102
MinimumVisualStudioVersion = 10.0.40219.1
Project("{FAE04EC0-301F-11D3-BF4B-00C04F79EFBC}") = "ForeachLoop", "ForeachLoop\ForeachLoop.csproj", "{0D60F132-7A90-4A88-A779-6D963CD97334}"
EndProject
Global
	GlobalSection(SolutionConfigurationPlatforms) = preSolution
		Debug|Any CPU = Debug|Any CPU
		Release|Any CPU = Release|Any CPU
	EndGlobalSection
	GlobalSection(ProjectConfigurationPlatforms) = postSolution
		{0D60F132-7A90-4A88-A779-6D963CD97334}.Debug|Any CPU.ActiveCfg = Debug|Any CPU
		{0D60F132-7A90-4A88-A779-6D963CD97334}.Debug|Any CPU.Build.0 = Debug|Any CPU
		{0D60F132-7A90-4A88-A779-6D963CD97334}.Release|Any CPU.ActiveCfg = Release|Any CPU
		{0D60F132-7A90-4A88-A779-6D963CD97334}.Release|Any CPU.Build.0 = Release|Any CPU
	EndGlobalSection
	GlobalSection(SolutionProperties) = preSolution
		HideSolutionNode = FALSE
	EndGlobalSection
	GlobalSection(ExtensibilityGlobals) = postSolution
		SolutionGuid = {D6156543-60EE-4D62-A1C6-FBA06127AF44}
	EndGlobalSection
EndGlobal
