
Microsoft Visual Studio Solution File, Format Version 12.00
# Visual Studio Version 16
VisualStudioVersion = 16.0.31624.102
MinimumVisualStudioVersion = 10.0.40219.1
Project("{FAE04EC0-301F-11D3-BF4B-00C04F79EFBC}") = "CrudDemo", "CrudDemo\CrudDemo.csproj", "{14701506-4863-40B6-9E7F-279EF2796C5A}"
EndProject
Global
	GlobalSection(SolutionConfigurationPlatforms) = preSolution
		Debug|Any CPU = Debug|Any CPU
		Release|Any CPU = Release|Any CPU
	EndGlobalSection
	GlobalSection(ProjectConfigurationPlatforms) = postSolution
		{14701506-4863-40B6-9E7F-279EF2796C5A}.Debug|Any CPU.ActiveCfg = Debug|Any CPU
		{14701506-4863-40B6-9E7F-279EF2796C5A}.Debug|Any CPU.Build.0 = Debug|Any CPU
		{14701506-4863-40B6-9E7F-279EF2796C5A}.Release|Any CPU.ActiveCfg = Release|Any CPU
		{14701506-4863-40B6-9E7F-279EF2796C5A}.Release|Any CPU.Build.0 = Release|Any CPU
	EndGlobalSection
	GlobalSection(SolutionProperties) = preSolution
		HideSolutionNode = FALSE
	EndGlobalSection
	GlobalSection(ExtensibilityGlobals) = postSolution
		SolutionGuid = {12EE7C33-4C95-49B5-A653-57273815DC12}
	EndGlobalSection
EndGlobal
