
Microsoft Visual Studio Solution File, Format Version 12.00
# Visual Studio Version 16
VisualStudioVersion = 16.0.31624.102
MinimumVisualStudioVersion = 10.0.40219.1
Project("{FAE04EC0-301F-11D3-BF4B-00C04F79EFBC}") = "PropertiesDemo", "PropertiesDemo\PropertiesDemo.csproj", "{729593E5-9894-4086-855B-4E7D8B0E1072}"
EndProject
Global
	GlobalSection(SolutionConfigurationPlatforms) = preSolution
		Debug|Any CPU = Debug|Any CPU
		Release|Any CPU = Release|Any CPU
	EndGlobalSection
	GlobalSection(ProjectConfigurationPlatforms) = postSolution
		{729593E5-9894-4086-855B-4E7D8B0E1072}.Debug|Any CPU.ActiveCfg = Debug|Any CPU
		{729593E5-9894-4086-855B-4E7D8B0E1072}.Debug|Any CPU.Build.0 = Debug|Any CPU
		{729593E5-9894-4086-855B-4E7D8B0E1072}.Release|Any CPU.ActiveCfg = Release|Any CPU
		{729593E5-9894-4086-855B-4E7D8B0E1072}.Release|Any CPU.Build.0 = Release|Any CPU
	EndGlobalSection
	GlobalSection(SolutionProperties) = preSolution
		HideSolutionNode = FALSE
	EndGlobalSection
	GlobalSection(ExtensibilityGlobals) = postSolution
		SolutionGuid = {241BB053-A762-4BAD-A90F-7439C5EBBEB1}
	EndGlobalSection
EndGlobal
