
Microsoft Visual Studio Solution File, Format Version 12.00
# Visual Studio Version 16
VisualStudioVersion = 16.0.31624.102
MinimumVisualStudioVersion = 10.0.40219.1
Project("{FAE04EC0-301F-11D3-BF4B-00C04F79EFBC}") = "StringMethod", "StringMethod\StringMethod.csproj", "{2C6C7728-8412-4319-8D3D-F09A76A2E965}"
EndProject
Global
	GlobalSection(SolutionConfigurationPlatforms) = preSolution
		Debug|Any CPU = Debug|Any CPU
		Release|Any CPU = Release|Any CPU
	EndGlobalSection
	GlobalSection(ProjectConfigurationPlatforms) = postSolution
		{2C6C7728-8412-4319-8D3D-F09A76A2E965}.Debug|Any CPU.ActiveCfg = Debug|Any CPU
		{2C6C7728-8412-4319-8D3D-F09A76A2E965}.Debug|Any CPU.Build.0 = Debug|Any CPU
		{2C6C7728-8412-4319-8D3D-F09A76A2E965}.Release|Any CPU.ActiveCfg = Release|Any CPU
		{2C6C7728-8412-4319-8D3D-F09A76A2E965}.Release|Any CPU.Build.0 = Release|Any CPU
	EndGlobalSection
	GlobalSection(SolutionProperties) = preSolution
		HideSolutionNode = FALSE
	EndGlobalSection
	GlobalSection(ExtensibilityGlobals) = postSolution
		SolutionGuid = {4EADC506-42E9-491E-828B-8CD2EC28B66E}
	EndGlobalSection
EndGlobal
