
Microsoft Visual Studio Solution File, Format Version 12.00
# Visual Studio Version 16
VisualStudioVersion = 16.0.31624.102
MinimumVisualStudioVersion = 10.0.40219.1
Project("{FAE04EC0-301F-11D3-BF4B-00C04F79EFBC}") = "LinkListDemo", "LinkListDemo\LinkListDemo.csproj", "{02439D90-AA2D-43B6-BD3C-B93B4966D442}"
EndProject
Global
	GlobalSection(SolutionConfigurationPlatforms) = preSolution
		Debug|Any CPU = Debug|Any CPU
		Release|Any CPU = Release|Any CPU
	EndGlobalSection
	GlobalSection(ProjectConfigurationPlatforms) = postSolution
		{02439D90-AA2D-43B6-BD3C-B93B4966D442}.Debug|Any CPU.ActiveCfg = Debug|Any CPU
		{02439D90-AA2D-43B6-BD3C-B93B4966D442}.Debug|Any CPU.Build.0 = Debug|Any CPU
		{02439D90-AA2D-43B6-BD3C-B93B4966D442}.Release|Any CPU.ActiveCfg = Release|Any CPU
		{02439D90-AA2D-43B6-BD3C-B93B4966D442}.Release|Any CPU.Build.0 = Release|Any CPU
	EndGlobalSection
	GlobalSection(SolutionProperties) = preSolution
		HideSolutionNode = FALSE
	EndGlobalSection
	GlobalSection(ExtensibilityGlobals) = postSolution
		SolutionGuid = {32219455-1E83-4B39-8F08-5E52F7F478BB}
	EndGlobalSection
EndGlobal
