
Microsoft Visual Studio Solution File, Format Version 12.00
# Visual Studio Version 16
VisualStudioVersion = 16.0.31624.102
MinimumVisualStudioVersion = 10.0.40219.1
Project("{FAE04EC0-301F-11D3-BF4B-00C04F79EFBC}") = "SingleDimensionArray", "SingleDimensionArray\SingleDimensionArray.csproj", "{AD02B6E4-AD0E-4DBC-BA10-C3F5EDCD321D}"
EndProject
Global
	GlobalSection(SolutionConfigurationPlatforms) = preSolution
		Debug|Any CPU = Debug|Any CPU
		Release|Any CPU = Release|Any CPU
	EndGlobalSection
	GlobalSection(ProjectConfigurationPlatforms) = postSolution
		{AD02B6E4-AD0E-4DBC-BA10-C3F5EDCD321D}.Debug|Any CPU.ActiveCfg = Debug|Any CPU
		{AD02B6E4-AD0E-4DBC-BA10-C3F5EDCD321D}.Debug|Any CPU.Build.0 = Debug|Any CPU
		{AD02B6E4-AD0E-4DBC-BA10-C3F5EDCD321D}.Release|Any CPU.ActiveCfg = Release|Any CPU
		{AD02B6E4-AD0E-4DBC-BA10-C3F5EDCD321D}.Release|Any CPU.Build.0 = Release|Any CPU
	EndGlobalSection
	GlobalSection(SolutionProperties) = preSolution
		HideSolutionNode = FALSE
	EndGlobalSection
	GlobalSection(ExtensibilityGlobals) = postSolution
		SolutionGuid = {23A0D675-4ABB-4C89-82A3-96496703CBDA}
	EndGlobalSection
EndGlobal
