
Microsoft Visual Studio Solution File, Format Version 12.00
# Visual Studio Version 16
VisualStudioVersion = 16.0.31624.102
MinimumVisualStudioVersion = 10.0.40219.1
Project("{FAE04EC0-301F-11D3-BF4B-00C04F79EFBC}") = "XmlDemo", "XmlDemo\XmlDemo.csproj", "{B2934248-173E-4DEC-88AB-2D9373DD65C1}"
EndProject
Global
	GlobalSection(SolutionConfigurationPlatforms) = preSolution
		Debug|Any CPU = Debug|Any CPU
		Release|Any CPU = Release|Any CPU
	EndGlobalSection
	GlobalSection(ProjectConfigurationPlatforms) = postSolution
		{B2934248-173E-4DEC-88AB-2D9373DD65C1}.Debug|Any CPU.ActiveCfg = Debug|Any CPU
		{B2934248-173E-4DEC-88AB-2D9373DD65C1}.Debug|Any CPU.Build.0 = Debug|Any CPU
		{B2934248-173E-4DEC-88AB-2D9373DD65C1}.Release|Any CPU.ActiveCfg = Release|Any CPU
		{B2934248-173E-4DEC-88AB-2D9373DD65C1}.Release|Any CPU.Build.0 = Release|Any CPU
	EndGlobalSection
	GlobalSection(SolutionProperties) = preSolution
		HideSolutionNode = FALSE
	EndGlobalSection
	GlobalSection(ExtensibilityGlobals) = postSolution
		SolutionGuid = {E86F1756-3676-4A26-8074-8FAEFA195F17}
	EndGlobalSection
EndGlobal
