
Microsoft Visual Studio Solution File, Format Version 12.00
# Visual Studio 2012
Project("{FAE04EC0-301F-11D3-BF4B-00C04F79EFBC}") = "use_library", "use_library\use_library.csproj", "{7E0B1939-E970-41C8-B529-19DFA6FD4BB2}"
EndProject
Project("{FAE04EC0-301F-11D3-BF4B-00C04F79EFBC}") = "TestClassLibrary", "TestClassLibrary\TestClassLibrary.csproj", "{4EEBE122-9FCF-44AF-9CB7-42454E4A8CAD}"
EndProject
Global
	GlobalSection(SolutionConfigurationPlatforms) = preSolution
		Debug|Any CPU = Debug|Any CPU
		Release|Any CPU = Release|Any CPU
	EndGlobalSection
	GlobalSection(ProjectConfigurationPlatforms) = postSolution
		{7E0B1939-E970-41C8-B529-19DFA6FD4BB2}.Debug|Any CPU.ActiveCfg = Debug|Any CPU
		{7E0B1939-E970-41C8-B529-19DFA6FD4BB2}.Debug|Any CPU.Build.0 = Debug|Any CPU
		{7E0B1939-E970-41C8-B529-19DFA6FD4BB2}.Release|Any CPU.ActiveCfg = Release|Any CPU
		{7E0B1939-E970-41C8-B529-19DFA6FD4BB2}.Release|Any CPU.Build.0 = Release|Any CPU
		{4EEBE122-9FCF-44AF-9CB7-42454E4A8CAD}.Debug|Any CPU.ActiveCfg = Debug|Any CPU
		{4EEBE122-9FCF-44AF-9CB7-42454E4A8CAD}.Debug|Any CPU.Build.0 = Debug|Any CPU
		{4EEBE122-9FCF-44AF-9CB7-42454E4A8CAD}.Release|Any CPU.ActiveCfg = Release|Any CPU
		{4EEBE122-9FCF-44AF-9CB7-42454E4A8CAD}.Release|Any CPU.Build.0 = Release|Any CPU
	EndGlobalSection
	GlobalSection(SolutionProperties) = preSolution
		HideSolutionNode = FALSE
	EndGlobalSection
	GlobalSection(ExtensibilityGlobals) = postSolution
		SolutionGuid = {4577B1B1-1804-44A4-9FFE-76E5F8A3D061}
	EndGlobalSection
EndGlobal
