
Microsoft Visual Studio Solution File, Format Version 12.00
# Visual Studio Version 16
VisualStudioVersion = 16.0.31624.102
MinimumVisualStudioVersion = 10.0.40219.1
Project("{FAE04EC0-301F-11D3-BF4B-00C04F79EFBC}") = "WhileLoop", "WhileLoop\WhileLoop.csproj", "{56C08A4E-27D0-47DF-874B-D5D40F7EB661}"
EndProject
Global
	GlobalSection(SolutionConfigurationPlatforms) = preSolution
		Debug|Any CPU = Debug|Any CPU
		Release|Any CPU = Release|Any CPU
	EndGlobalSection
	GlobalSection(ProjectConfigurationPlatforms) = postSolution
		{56C08A4E-27D0-47DF-874B-D5D40F7EB661}.Debug|Any CPU.ActiveCfg = Debug|Any CPU
		{56C08A4E-27D0-47DF-874B-D5D40F7EB661}.Debug|Any CPU.Build.0 = Debug|Any CPU
		{56C08A4E-27D0-47DF-874B-D5D40F7EB661}.Release|Any CPU.ActiveCfg = Release|Any CPU
		{56C08A4E-27D0-47DF-874B-D5D40F7EB661}.Release|Any CPU.Build.0 = Release|Any CPU
	EndGlobalSection
	GlobalSection(SolutionProperties) = preSolution
		HideSolutionNode = FALSE
	EndGlobalSection
	GlobalSection(ExtensibilityGlobals) = postSolution
		SolutionGuid = {24757930-F440-40B8-A133-01EFCA5C6B73}
	EndGlobalSection
EndGlobal
