
Microsoft Visual Studio Solution File, Format Version 12.00
# Visual Studio Version 16
VisualStudioVersion = 16.0.31624.102
MinimumVisualStudioVersion = 10.0.40219.1
Project("{FAE04EC0-301F-11D3-BF4B-00C04F79EFBC}") = "PartialClassDemo", "PartialClassDemo\PartialClassDemo.csproj", "{51B3B981-4AAB-4CA6-A5B4-538CD37BEC18}"
EndProject
Global
	GlobalSection(SolutionConfigurationPlatforms) = preSolution
		Debug|Any CPU = Debug|Any CPU
		Release|Any CPU = Release|Any CPU
	EndGlobalSection
	GlobalSection(ProjectConfigurationPlatforms) = postSolution
		{51B3B981-4AAB-4CA6-A5B4-538CD37BEC18}.Debug|Any CPU.ActiveCfg = Debug|Any CPU
		{51B3B981-4AAB-4CA6-A5B4-538CD37BEC18}.Debug|Any CPU.Build.0 = Debug|Any CPU
		{51B3B981-4AAB-4CA6-A5B4-538CD37BEC18}.Release|Any CPU.ActiveCfg = Release|Any CPU
		{51B3B981-4AAB-4CA6-A5B4-538CD37BEC18}.Release|Any CPU.Build.0 = Release|Any CPU
	EndGlobalSection
	GlobalSection(SolutionProperties) = preSolution
		HideSolutionNode = FALSE
	EndGlobalSection
	GlobalSection(ExtensibilityGlobals) = postSolution
		SolutionGuid = {D1790F39-F03E-470A-BAB5-D594A0FCFB2D}
	EndGlobalSection
EndGlobal
