
Microsoft Visual Studio Solution File, Format Version 12.00
# Visual Studio Version 16
VisualStudioVersion = 16.0.31624.102
MinimumVisualStudioVersion = 10.0.40219.1
Project("{FAE04EC0-301F-11D3-BF4B-00C04F79EFBC}") = "MvcAppDemo", "MvcAppDemo\MvcAppDemo.csproj", "{1104D8EB-8C6E-40D3-980A-2759B173B28A}"
EndProject
Global
	GlobalSection(SolutionConfigurationPlatforms) = preSolution
		Debug|Any CPU = Debug|Any CPU
		Release|Any CPU = Release|Any CPU
	EndGlobalSection
	GlobalSection(ProjectConfigurationPlatforms) = postSolution
		{1104D8EB-8C6E-40D3-980A-2759B173B28A}.Debug|Any CPU.ActiveCfg = Debug|Any CPU
		{1104D8EB-8C6E-40D3-980A-2759B173B28A}.Debug|Any CPU.Build.0 = Debug|Any CPU
		{1104D8EB-8C6E-40D3-980A-2759B173B28A}.Release|Any CPU.ActiveCfg = Release|Any CPU
		{1104D8EB-8C6E-40D3-980A-2759B173B28A}.Release|Any CPU.Build.0 = Release|Any CPU
	EndGlobalSection
	GlobalSection(SolutionProperties) = preSolution
		HideSolutionNode = FALSE
	EndGlobalSection
	GlobalSection(ExtensibilityGlobals) = postSolution
		SolutionGuid = {EB80E70F-ED0E-4A14-A4B8-587C729FC9ED}
	EndGlobalSection
EndGlobal
