
Microsoft Visual Studio Solution File, Format Version 12.00
# Visual Studio Version 16
VisualStudioVersion = 16.0.31624.102
MinimumVisualStudioVersion = 10.0.40219.1
Project("{FAE04EC0-301F-11D3-BF4B-00C04F79EFBC}") = "OperatorsandExpression", "OperatorsandExpression\OperatorsandExpression.csproj", "{D8B846E4-44E8-4F8A-9694-5825941DE589}"
EndProject
Global
	GlobalSection(SolutionConfigurationPlatforms) = preSolution
		Debug|Any CPU = Debug|Any CPU
		Release|Any CPU = Release|Any CPU
	EndGlobalSection
	GlobalSection(ProjectConfigurationPlatforms) = postSolution
		{D8B846E4-44E8-4F8A-9694-5825941DE589}.Debug|Any CPU.ActiveCfg = Debug|Any CPU
		{D8B846E4-44E8-4F8A-9694-5825941DE589}.Debug|Any CPU.Build.0 = Debug|Any CPU
		{D8B846E4-44E8-4F8A-9694-5825941DE589}.Release|Any CPU.ActiveCfg = Release|Any CPU
		{D8B846E4-44E8-4F8A-9694-5825941DE589}.Release|Any CPU.Build.0 = Release|Any CPU
	EndGlobalSection
	GlobalSection(SolutionProperties) = preSolution
		HideSolutionNode = FALSE
	EndGlobalSection
	GlobalSection(ExtensibilityGlobals) = postSolution
		SolutionGuid = {F63FDF90-0862-4C1C-BB62-EB02771CAE9F}
	EndGlobalSection
EndGlobal
