
Microsoft Visual Studio Solution File, Format Version 12.00
# Visual Studio Version 16
VisualStudioVersion = 16.0.31624.102
MinimumVisualStudioVersion = 10.0.40219.1
Project("{FAE04EC0-301F-11D3-BF4B-00C04F79EFBC}") = "JsonDemo", "JsonDemo\JsonDemo.csproj", "{9C5299F1-0501-4F15-A23E-89C45723ED43}"
EndProject
Global
	GlobalSection(SolutionConfigurationPlatforms) = preSolution
		Debug|Any CPU = Debug|Any CPU
		Release|Any CPU = Release|Any CPU
	EndGlobalSection
	GlobalSection(ProjectConfigurationPlatforms) = postSolution
		{9C5299F1-0501-4F15-A23E-89C45723ED43}.Debug|Any CPU.ActiveCfg = Debug|Any CPU
		{9C5299F1-0501-4F15-A23E-89C45723ED43}.Debug|Any CPU.Build.0 = Debug|Any CPU
		{9C5299F1-0501-4F15-A23E-89C45723ED43}.Release|Any CPU.ActiveCfg = Release|Any CPU
		{9C5299F1-0501-4F15-A23E-89C45723ED43}.Release|Any CPU.Build.0 = Release|Any CPU
	EndGlobalSection
	GlobalSection(SolutionProperties) = preSolution
		HideSolutionNode = FALSE
	EndGlobalSection
	GlobalSection(ExtensibilityGlobals) = postSolution
		SolutionGuid = {468386C9-0C7C-492B-BF97-D5BCBE6A7BD9}
	EndGlobalSection
EndGlobal
