
Microsoft Visual Studio Solution File, Format Version 12.00
# Visual Studio Version 16
VisualStudioVersion = 16.0.31624.102
MinimumVisualStudioVersion = 10.0.40219.1
Project("{FAE04EC0-301F-11D3-BF4B-00C04F79EFBC}") = "BreakStmt", "BreakStmt\BreakStmt.csproj", "{E98FDA14-5091-438A-8AC1-06E6E877C77C}"
EndProject
Global
	GlobalSection(SolutionConfigurationPlatforms) = preSolution
		Debug|Any CPU = Debug|Any CPU
		Release|Any CPU = Release|Any CPU
	EndGlobalSection
	GlobalSection(ProjectConfigurationPlatforms) = postSolution
		{E98FDA14-5091-438A-8AC1-06E6E877C77C}.Debug|Any CPU.ActiveCfg = Debug|Any CPU
		{E98FDA14-5091-438A-8AC1-06E6E877C77C}.Debug|Any CPU.Build.0 = Debug|Any CPU
		{E98FDA14-5091-438A-8AC1-06E6E877C77C}.Release|Any CPU.ActiveCfg = Release|Any CPU
		{E98FDA14-5091-438A-8AC1-06E6E877C77C}.Release|Any CPU.Build.0 = Release|Any CPU
	EndGlobalSection
	GlobalSection(SolutionProperties) = preSolution
		HideSolutionNode = FALSE
	EndGlobalSection
	GlobalSection(ExtensibilityGlobals) = postSolution
		SolutionGuid = {9AA82EAF-F403-4722-A98A-65F1E2858241}
	EndGlobalSection
EndGlobal
